{
  "object": {
    "pins": [
      {
        "package": "combine-schedulers",
        "repositoryURL": "https://github.com/pointfreeco/combine-schedulers",
        "state": {
          "branch": null,
          "revision": "c37e5ae8012fb654af776cc556ff8ae64398c841",
          "version": "0.5.0"
        }
      },
      {
        "package": "Lottie",
        "repositoryURL": "https://github.com/airbnb/lottie-ios.git",
        "state": {
          "branch": null,
          "revision": "79a0b70547f7c40ea54c67487f935fa2f2eaaadc",
          "version": "3.2.3"
        }
      },
      {
        "package": "SourceKitten",
        "repositoryURL": "https://github.com/jpsim/SourceKitten.git",
        "state": {
          "branch": null,
          "revision": "7f4be006fe73211b0fd9666c73dc2f2303ffa756",
          "version": "0.31.0"
        }
      },
      {
        "package": "swift-argument-parser",
        "repositoryURL": "https://github.com/apple/swift-argument-parser.git",
        "state": {
          "branch": null,
          "revision": "9564d61b08a5335ae0a36f789a7d71493eacadfc",
          "version": "0.3.2"
        }
      },
      {
        "package": "SnapshotTesting",
        "repositoryURL": "https://github.com/pointfreeco/swift-snapshot-testing.git",
        "state": {
          "branch": null,
          "revision": "f8a9c997c3c1dab4e216a8ec9014e23144cbab37",
          "version": "1.9.0"
        }
      },
      {
        "package": "SwiftLint",
        "repositoryURL": "https://github.com/realm/SwiftLint",
        "state": {
          "branch": null,
          "revision": "180d94132758dd183124ab1e63d6aa8e10023ec2",
          "version": "0.43.1"
        }
      },
      {
        "package": "SwiftyTextTable",
        "repositoryURL": "https://github.com/scottrhoyt/SwiftyTextTable.git",
        "state": {
          "branch": null,
          "revision": "c6df6cf533d120716bff38f8ff9885e1ce2a4ac3",
          "version": "0.9.0"
        }
      },
      {
        "package": "SWXMLHash",
        "repositoryURL": "https://github.com/drmohundro/SWXMLHash.git",
        "state": {
          "branch": null,
          "revision": "9183170d20857753d4f331b0ca63f73c60764bf3",
          "version": "5.0.2"
        }
      },
      {
        "package": "xctest-dynamic-overlay",
        "repositoryURL": "https://github.com/pointfreeco/xctest-dynamic-overlay",
        "state": {
          "branch": null,
          "revision": "603974e3909ad4b48ba04aad7e0ceee4f077a518",
          "version": "0.1.0"
        }
      },
      {
        "package": "Yams",
        "repositoryURL": "https://github.com/jpsim/Yams.git",
        "state": {
          "branch": null,
          "revision": "9ff1cc9327586db4e0c8f46f064b6a82ec1566fa",
          "version": "4.0.6"
        }
      }
    ]
  },
  "version": 1
}
