// !$*UTF8*$!
{
	archiveVersion = 1;
	classes = {
	};
	objectVersion = 52;
	objects = {

/* Begin PBXBuildFile section */
		DC12FCFE2667F9C300602376 /* YourFitnessLevelApp.swift in Sources */ = {isa = PBXBuildFile; fileRef = DC12FCFD2667F9C300602376 /* YourFitnessLevelApp.swift */; };
		DC12FD002667F9C300602376 /* ContentView.swift in Sources */ = {isa = PBXBuildFile; fileRef = DC12FCFF2667F9C300602376 /* ContentView.swift */; };
		DC12FD022667F9C500602376 /* Assets.xcassets in Resources */ = {isa = PBXBuildFile; fileRef = DC12FD012667F9C500602376 /* Assets.xcassets */; };
		DC12FD052667F9C500602376 /* Preview Assets.xcassets in Resources */ = {isa = PBXBuildFile; fileRef = DC12FD042667F9C500602376 /* Preview Assets.xcassets */; };
		DC12FD332668074400602376 /* Injected.swift in Sources */ = {isa = PBXBuildFile; fileRef = DC12FD322668074400602376 /* Injected.swift */; };
		DC12FD35266807B600602376 /* DependencyContainer.swift in Sources */ = {isa = PBXBuildFile; fileRef = DC12FD34266807B600602376 /* DependencyContainer.swift */; };
		DC12FD3726680FDA00602376 /* Dependencies.swift in Sources */ = {isa = PBXBuildFile; fileRef = DC12FD3626680FDA00602376 /* Dependencies.swift */; };
		DC12FD392668108700602376 /* AppDelegate.swift in Sources */ = {isa = PBXBuildFile; fileRef = DC12FD382668108700602376 /* AppDelegate.swift */; };
		DC12FD3F266813FE00602376 /* AppContainerTests.swift in Sources */ = {isa = PBXBuildFile; fileRef = DC12FD3E266813FE00602376 /* AppContainerTests.swift */; platformFilter = ios; };
		DC12FD4326681E9800602376 /* InjectedTests.swift in Sources */ = {isa = PBXBuildFile; fileRef = DC12FD4226681E9800602376 /* InjectedTests.swift */; };
		DC12FD4726681F0C00602376 /* DependencyContainerMock.swift in Sources */ = {isa = PBXBuildFile; fileRef = DC12FD4626681F0C00602376 /* DependencyContainerMock.swift */; };
		DC12FD4A2668228600602376 /* TestDependencyContainer.swift in Sources */ = {isa = PBXBuildFile; fileRef = DC12FD492668228600602376 /* TestDependencyContainer.swift */; };
		DC12FD4E2668250200602376 /* SummaryView.swift in Sources */ = {isa = PBXBuildFile; fileRef = DC12FD4D2668250200602376 /* SummaryView.swift */; };
		DC12FD502668285C00602376 /* SummaryViewState.swift in Sources */ = {isa = PBXBuildFile; fileRef = DC12FD4F2668285C00602376 /* SummaryViewState.swift */; };
		DC12FD54266830A400602376 /* Category.swift in Sources */ = {isa = PBXBuildFile; fileRef = DC12FD53266830A400602376 /* Category.swift */; };
		DC12FD582668330700602376 /* View.swift in Sources */ = {isa = PBXBuildFile; fileRef = DC12FD572668330700602376 /* View.swift */; };
		DC12FD5A2668345B00602376 /* CategoryView.swift in Sources */ = {isa = PBXBuildFile; fileRef = DC12FD592668345B00602376 /* CategoryView.swift */; };
		DC12FD61266940CD00602376 /* GoalsRepository.swift in Sources */ = {isa = PBXBuildFile; fileRef = DC12FD60266940CD00602376 /* GoalsRepository.swift */; };
		DC12FD632669411700602376 /* Goal.swift in Sources */ = {isa = PBXBuildFile; fileRef = DC12FD622669411700602376 /* Goal.swift */; };
		DC12FD68266942E800602376 /* UserDefaultStorage.swift in Sources */ = {isa = PBXBuildFile; fileRef = DC12FD67266942E800602376 /* UserDefaultStorage.swift */; };
		DC12FD6C2669437100602376 /* JSONDecoderProtocol.swift in Sources */ = {isa = PBXBuildFile; fileRef = DC12FD6B2669437100602376 /* JSONDecoderProtocol.swift */; };
		DC12FD6E2669437900602376 /* JSONEncoderProtocol.swift in Sources */ = {isa = PBXBuildFile; fileRef = DC12FD6D2669437900602376 /* JSONEncoderProtocol.swift */; };
		DC12FD702669438100602376 /* UserDefaultsProtocol.swift in Sources */ = {isa = PBXBuildFile; fileRef = DC12FD6F2669438100602376 /* UserDefaultsProtocol.swift */; };
		DC12FD72266946F200602376 /* HttpClient.swift in Sources */ = {isa = PBXBuildFile; fileRef = DC12FD71266946F200602376 /* HttpClient.swift */; };
		DC12FD74266947A900602376 /* URLSessionFactory.swift in Sources */ = {isa = PBXBuildFile; fileRef = DC12FD73266947A900602376 /* URLSessionFactory.swift */; };
		DC1926C6266ACC7500873625 /* AwardsView.swift in Sources */ = {isa = PBXBuildFile; fileRef = DC1926C5266ACC7500873625 /* AwardsView.swift */; };
		DC1926C8266AD10600873625 /* AwardsViewState.swift in Sources */ = {isa = PBXBuildFile; fileRef = DC1926C7266AD10600873625 /* AwardsViewState.swift */; };
		DC1926CB266AD81600873625 /* Image.swift in Sources */ = {isa = PBXBuildFile; fileRef = DC1926CA266AD81600873625 /* Image.swift */; };
		DC1926CD266AD97900873625 /* Array.swift in Sources */ = {isa = PBXBuildFile; fileRef = DC1926CC266AD97900873625 /* Array.swift */; };
		DC1926D0266AED2000873625 /* HelpView.swift in Sources */ = {isa = PBXBuildFile; fileRef = DC1926CF266AED2000873625 /* HelpView.swift */; };
		DC1926D2266AF81F00873625 /* HelpViewState.swift in Sources */ = {isa = PBXBuildFile; fileRef = DC1926D1266AF81F00873625 /* HelpViewState.swift */; };
		DC1926D7266B024C00873625 /* CombineSchedulers in Frameworks */ = {isa = PBXBuildFile; productRef = DC1926D6266B024C00873625 /* CombineSchedulers */; };
		DC67B86526695E9300BCA8BF /* GoalsService.swift in Sources */ = {isa = PBXBuildFile; fileRef = DC67B86426695E9300BCA8BF /* GoalsService.swift */; };
		DC67B868266962D700BCA8BF /* GoalResponse.swift in Sources */ = {isa = PBXBuildFile; fileRef = DC67B867266962D700BCA8BF /* GoalResponse.swift */; };
		DC67B86B2669645C00BCA8BF /* Reward.swift in Sources */ = {isa = PBXBuildFile; fileRef = DC67B86A2669645C00BCA8BF /* Reward.swift */; };
		DC67B86F266965B400BCA8BF /* GoalsResponseMapper.swift in Sources */ = {isa = PBXBuildFile; fileRef = DC67B86E266965B400BCA8BF /* GoalsResponseMapper.swift */; };
		DC67B875266971B700BCA8BF /* ContentViewState.swift in Sources */ = {isa = PBXBuildFile; fileRef = DC67B874266971B700BCA8BF /* ContentViewState.swift */; };
		DC67B87C2669735C00BCA8BF /* GoalsServiceTests.swift in Sources */ = {isa = PBXBuildFile; fileRef = DC67B87B2669735C00BCA8BF /* GoalsServiceTests.swift */; };
		DC67B87E2669738B00BCA8BF /* HttpClientMock.swift in Sources */ = {isa = PBXBuildFile; fileRef = DC67B87D2669738B00BCA8BF /* HttpClientMock.swift */; };
		DC67B8802669799000BCA8BF /* MockError.swift in Sources */ = {isa = PBXBuildFile; fileRef = DC67B87F2669799000BCA8BF /* MockError.swift */; };
		DC67B882266979FE00BCA8BF /* Subscribers.swift in Sources */ = {isa = PBXBuildFile; fileRef = DC67B881266979FE00BCA8BF /* Subscribers.swift */; };
		DC67B88626697BA500BCA8BF /* GoalsResponseMapperTests.swift in Sources */ = {isa = PBXBuildFile; fileRef = DC67B88526697BA500BCA8BF /* GoalsResponseMapperTests.swift */; };
		DC67B88926697C0700BCA8BF /* GoalResponse.swift in Sources */ = {isa = PBXBuildFile; fileRef = DC67B88826697C0700BCA8BF /* GoalResponse.swift */; };
		DC67B88B2669825500BCA8BF /* UserDefaultStorageMock.swift in Sources */ = {isa = PBXBuildFile; fileRef = DC67B88A2669825500BCA8BF /* UserDefaultStorageMock.swift */; };
		DC67B88D2669827D00BCA8BF /* GoalsResponseMapperMock.swift in Sources */ = {isa = PBXBuildFile; fileRef = DC67B88C2669827D00BCA8BF /* GoalsResponseMapperMock.swift */; };
		DC67B88F266985BA00BCA8BF /* GoalsRepositoryTests.swift in Sources */ = {isa = PBXBuildFile; fileRef = DC67B88E266985BA00BCA8BF /* GoalsRepositoryTests.swift */; };
		DC67B89226698C4300BCA8BF /* DeferredFuture.swift in Sources */ = {isa = PBXBuildFile; fileRef = DC67B89126698C4300BCA8BF /* DeferredFuture.swift */; };
		DC988D22266CD79D0073DF87 /* SnapshotTesting in Frameworks */ = {isa = PBXBuildFile; productRef = DC988D21266CD79D0073DF87 /* SnapshotTesting */; };
		DC988D24266CD7D30073DF87 /* HelpViewTests.swift in Sources */ = {isa = PBXBuildFile; fileRef = DC988D23266CD7D30073DF87 /* HelpViewTests.swift */; };
		DC988D26266CD9D70073DF87 /* XCTestCase.swift in Sources */ = {isa = PBXBuildFile; fileRef = DC988D25266CD9D70073DF87 /* XCTestCase.swift */; };
		DC988D28266CDC1F0073DF87 /* AwardsViewTests.swift in Sources */ = {isa = PBXBuildFile; fileRef = DC988D27266CDC1F0073DF87 /* AwardsViewTests.swift */; };
		DC988D2A266CDC510073DF87 /* ContentViewTests.swift in Sources */ = {isa = PBXBuildFile; fileRef = DC988D29266CDC510073DF87 /* ContentViewTests.swift */; };
		DC988D2D266CDC750073DF87 /* SummaryViewTests.swift in Sources */ = {isa = PBXBuildFile; fileRef = DC988D2C266CDC750073DF87 /* SummaryViewTests.swift */; };
		DC988D2F266CDCA50073DF87 /* SummaryViewStateTests.swift in Sources */ = {isa = PBXBuildFile; fileRef = DC988D2E266CDCA50073DF87 /* SummaryViewStateTests.swift */; };
		DC9BBAF726699846007E7503 /* GoalsUseCase.swift in Sources */ = {isa = PBXBuildFile; fileRef = DC9BBAF626699846007E7503 /* GoalsUseCase.swift */; };
		DCA67DD0266B81A200308764 /* HealthDataRepository.swift in Sources */ = {isa = PBXBuildFile; fileRef = DCA67DCF266B81A200308764 /* HealthDataRepository.swift */; };
		DCA67DD2266B821000308764 /* HealthStoreProtocol.swift in Sources */ = {isa = PBXBuildFile; fileRef = DCA67DD1266B821000308764 /* HealthStoreProtocol.swift */; };
		DCA67DD6266B89F000308764 /* HealthKit.framework in Frameworks */ = {isa = PBXBuildFile; fileRef = DCA67DD5266B89F000308764 /* HealthKit.framework */; };
		DCA67DD8266B8B6300308764 /* ActivityUseCase.swift in Sources */ = {isa = PBXBuildFile; fileRef = DCA67DD7266B8B6300308764 /* ActivityUseCase.swift */; };
		DCA67DDA266B934C00308764 /* CalendarProtocol.swift in Sources */ = {isa = PBXBuildFile; fileRef = DCA67DD9266B934C00308764 /* CalendarProtocol.swift */; };
		DCA67DDC266BAA6800308764 /* Activity.swift in Sources */ = {isa = PBXBuildFile; fileRef = DCA67DDB266BAA6800308764 /* Activity.swift */; };
		DCA67DDE266BC1C500308764 /* ChartView.swift in Sources */ = {isa = PBXBuildFile; fileRef = DCA67DDD266BC1C500308764 /* ChartView.swift */; };
		DCA67DE2266BD5E200308764 /* ChartViewState.swift in Sources */ = {isa = PBXBuildFile; fileRef = DCA67DE1266BD5E200308764 /* ChartViewState.swift */; };
		DCA67DE5266BE76200308764 /* Color.swift in Sources */ = {isa = PBXBuildFile; fileRef = DCA67DE4266BE76200308764 /* Color.swift */; };
		DCA67DE7266BEF6F00308764 /* DateFormatterProtocol.swift in Sources */ = {isa = PBXBuildFile; fileRef = DCA67DE6266BEF6F00308764 /* DateFormatterProtocol.swift */; };
		DCA67DEA266BFA8200308764 /* Lottie in Frameworks */ = {isa = PBXBuildFile; productRef = DCA67DE9266BFA8200308764 /* Lottie */; };
		DCA67DED266BFA9F00308764 /* LottieView.swift in Sources */ = {isa = PBXBuildFile; fileRef = DCA67DEC266BFA9F00308764 /* LottieView.swift */; };
		DCA67DF0266BFB4500308764 /* loading.json in Resources */ = {isa = PBXBuildFile; fileRef = DCA67DEF266BFB4500308764 /* loading.json */; };
		DCCCF385266BFC1700954B4F /* noData.json in Resources */ = {isa = PBXBuildFile; fileRef = DCCCF384266BFC1700954B4F /* noData.json */; };
		DCCCF387266C077200954B4F /* NumberView.swift in Sources */ = {isa = PBXBuildFile; fileRef = DCCCF386266C077200954B4F /* NumberView.swift */; };
		DCCCF389266C156D00954B4F /* Launch Screen.storyboard in Resources */ = {isa = PBXBuildFile; fileRef = DCCCF388266C156D00954B4F /* Launch Screen.storyboard */; };
		DCCCF38B266C3DC800954B4F /* GoalsServiceMock.swift in Sources */ = {isa = PBXBuildFile; fileRef = DCCCF38A266C3DC800954B4F /* GoalsServiceMock.swift */; };
		DCCCF38D266C3F3200954B4F /* Publisher.swift in Sources */ = {isa = PBXBuildFile; fileRef = DCCCF38C266C3F3200954B4F /* Publisher.swift */; };
		DCCCF38F266C443C00954B4F /* Goal.swift in Sources */ = {isa = PBXBuildFile; fileRef = DCCCF38E266C443C00954B4F /* Goal.swift */; };
		DCCCF391266C4BA200954B4F /* GoalsRepositoryMock.swift in Sources */ = {isa = PBXBuildFile; fileRef = DCCCF390266C4BA200954B4F /* GoalsRepositoryMock.swift */; };
		DCCCF393266C4DD800954B4F /* ActivityUseCaseTests.swift in Sources */ = {isa = PBXBuildFile; fileRef = DCCCF392266C4DD800954B4F /* ActivityUseCaseTests.swift */; };
		DCCCF395266C4E1000954B4F /* CalendarMock.swift in Sources */ = {isa = PBXBuildFile; fileRef = DCCCF394266C4E1000954B4F /* CalendarMock.swift */; };
		DCCCF397266C4F2500954B4F /* HealthDataRepositoryMock.swift in Sources */ = {isa = PBXBuildFile; fileRef = DCCCF396266C4F2500954B4F /* HealthDataRepositoryMock.swift */; };
		DCCCF399266C4FEE00954B4F /* GoalsUseCaseTests.swift in Sources */ = {isa = PBXBuildFile; fileRef = DCCCF398266C4FEE00954B4F /* GoalsUseCaseTests.swift */; };
		DCCCF39B266C532B00954B4F /* Publisher.swift in Sources */ = {isa = PBXBuildFile; fileRef = DCCCF39A266C532B00954B4F /* Publisher.swift */; };
		DCCCF39F266C5E3400954B4F /* HelpViewStateTests.swift in Sources */ = {isa = PBXBuildFile; fileRef = DCCCF39E266C5E3400954B4F /* HelpViewStateTests.swift */; };
		DCCCF3A1266C5E9200954B4F /* GoalsUseCaseMock.swift in Sources */ = {isa = PBXBuildFile; fileRef = DCCCF3A0266C5E9200954B4F /* GoalsUseCaseMock.swift */; };
		DCCCF3A3266C5F0D00954B4F /* ActivityUseCaseMock.swift in Sources */ = {isa = PBXBuildFile; fileRef = DCCCF3A2266C5F0D00954B4F /* ActivityUseCaseMock.swift */; };
		DCCCF3A6266C618700954B4F /* ContentViewStateTests.swift in Sources */ = {isa = PBXBuildFile; fileRef = DCCCF3A5266C618700954B4F /* ContentViewStateTests.swift */; };
		DCCCF3A9266C638400954B4F /* AwardsViewStateTests.swift in Sources */ = {isa = PBXBuildFile; fileRef = DCCCF3A8266C638400954B4F /* AwardsViewStateTests.swift */; };
/* End PBXBuildFile section */

/* Begin PBXContainerItemProxy section */
		DC12FD0C2667F9C500602376 /* PBXContainerItemProxy */ = {
			isa = PBXContainerItemProxy;
			containerPortal = DC12FCF22667F9C300602376 /* Project object */;
			proxyType = 1;
			remoteGlobalIDString = DC12FCF92667F9C300602376;
			remoteInfo = YourFitnessLevel;
		};
/* End PBXContainerItemProxy section */

/* Begin PBXFileReference section */
		DC12FCFA2667F9C300602376 /* YourFitnessLevel.app */ = {isa = PBXFileReference; explicitFileType = wrapper.application; includeInIndex = 0; path = YourFitnessLevel.app; sourceTree = BUILT_PRODUCTS_DIR; };
		DC12FCFD2667F9C300602376 /* YourFitnessLevelApp.swift */ = {isa = PBXFileReference; lastKnownFileType = sourcecode.swift; path = YourFitnessLevelApp.swift; sourceTree = "<group>"; };
		DC12FCFF2667F9C300602376 /* ContentView.swift */ = {isa = PBXFileReference; lastKnownFileType = sourcecode.swift; path = ContentView.swift; sourceTree = "<group>"; };
		DC12FD012667F9C500602376 /* Assets.xcassets */ = {isa = PBXFileReference; lastKnownFileType = folder.assetcatalog; path = Assets.xcassets; sourceTree = "<group>"; };
		DC12FD042667F9C500602376 /* Preview Assets.xcassets */ = {isa = PBXFileReference; lastKnownFileType = folder.assetcatalog; path = "Preview Assets.xcassets"; sourceTree = "<group>"; };
		DC12FD062667F9C500602376 /* Info.plist */ = {isa = PBXFileReference; lastKnownFileType = text.plist.xml; path = Info.plist; sourceTree = "<group>"; };
		DC12FD0B2667F9C500602376 /* YourFitnessLevelTests.xctest */ = {isa = PBXFileReference; explicitFileType = wrapper.cfbundle; includeInIndex = 0; path = YourFitnessLevelTests.xctest; sourceTree = BUILT_PRODUCTS_DIR; };
		DC12FD112667F9C500602376 /* Info.plist */ = {isa = PBXFileReference; lastKnownFileType = text.plist.xml; path = Info.plist; sourceTree = "<group>"; };
		DC12FD322668074400602376 /* Injected.swift */ = {isa = PBXFileReference; lastKnownFileType = sourcecode.swift; path = Injected.swift; sourceTree = "<group>"; };
		DC12FD34266807B600602376 /* DependencyContainer.swift */ = {isa = PBXFileReference; lastKnownFileType = sourcecode.swift; path = DependencyContainer.swift; sourceTree = "<group>"; };
		DC12FD3626680FDA00602376 /* Dependencies.swift */ = {isa = PBXFileReference; lastKnownFileType = sourcecode.swift; path = Dependencies.swift; sourceTree = "<group>"; };
		DC12FD382668108700602376 /* AppDelegate.swift */ = {isa = PBXFileReference; lastKnownFileType = sourcecode.swift; path = AppDelegate.swift; sourceTree = "<group>"; };
		DC12FD3E266813FE00602376 /* AppContainerTests.swift */ = {isa = PBXFileReference; lastKnownFileType = sourcecode.swift; path = AppContainerTests.swift; sourceTree = "<group>"; };
		DC12FD4226681E9800602376 /* InjectedTests.swift */ = {isa = PBXFileReference; lastKnownFileType = sourcecode.swift; path = InjectedTests.swift; sourceTree = "<group>"; };
		DC12FD4626681F0C00602376 /* DependencyContainerMock.swift */ = {isa = PBXFileReference; lastKnownFileType = sourcecode.swift; path = DependencyContainerMock.swift; sourceTree = "<group>"; };
		DC12FD492668228600602376 /* TestDependencyContainer.swift */ = {isa = PBXFileReference; lastKnownFileType = sourcecode.swift; path = TestDependencyContainer.swift; sourceTree = "<group>"; };
		DC12FD4D2668250200602376 /* SummaryView.swift */ = {isa = PBXFileReference; lastKnownFileType = sourcecode.swift; path = SummaryView.swift; sourceTree = "<group>"; };
		DC12FD4F2668285C00602376 /* SummaryViewState.swift */ = {isa = PBXFileReference; lastKnownFileType = sourcecode.swift; path = SummaryViewState.swift; sourceTree = "<group>"; };
		DC12FD53266830A400602376 /* Category.swift */ = {isa = PBXFileReference; lastKnownFileType = sourcecode.swift; path = Category.swift; sourceTree = "<group>"; };
		DC12FD572668330700602376 /* View.swift */ = {isa = PBXFileReference; lastKnownFileType = sourcecode.swift; path = View.swift; sourceTree = "<group>"; };
		DC12FD592668345B00602376 /* CategoryView.swift */ = {isa = PBXFileReference; lastKnownFileType = sourcecode.swift; path = CategoryView.swift; sourceTree = "<group>"; };
		DC12FD60266940CD00602376 /* GoalsRepository.swift */ = {isa = PBXFileReference; lastKnownFileType = sourcecode.swift; path = GoalsRepository.swift; sourceTree = "<group>"; };
		DC12FD622669411700602376 /* Goal.swift */ = {isa = PBXFileReference; lastKnownFileType = sourcecode.swift; path = Goal.swift; sourceTree = "<group>"; };
		DC12FD67266942E800602376 /* UserDefaultStorage.swift */ = {isa = PBXFileReference; lastKnownFileType = sourcecode.swift; path = UserDefaultStorage.swift; sourceTree = "<group>"; };
		DC12FD6B2669437100602376 /* JSONDecoderProtocol.swift */ = {isa = PBXFileReference; lastKnownFileType = sourcecode.swift; path = JSONDecoderProtocol.swift; sourceTree = "<group>"; };
		DC12FD6D2669437900602376 /* JSONEncoderProtocol.swift */ = {isa = PBXFileReference; lastKnownFileType = sourcecode.swift; path = JSONEncoderProtocol.swift; sourceTree = "<group>"; };
		DC12FD6F2669438100602376 /* UserDefaultsProtocol.swift */ = {isa = PBXFileReference; lastKnownFileType = sourcecode.swift; path = UserDefaultsProtocol.swift; sourceTree = "<group>"; };
		DC12FD71266946F200602376 /* HttpClient.swift */ = {isa = PBXFileReference; lastKnownFileType = sourcecode.swift; path = HttpClient.swift; sourceTree = "<group>"; };
		DC12FD73266947A900602376 /* URLSessionFactory.swift */ = {isa = PBXFileReference; lastKnownFileType = sourcecode.swift; path = URLSessionFactory.swift; sourceTree = "<group>"; };
		DC1926C5266ACC7500873625 /* AwardsView.swift */ = {isa = PBXFileReference; lastKnownFileType = sourcecode.swift; path = AwardsView.swift; sourceTree = "<group>"; };
		DC1926C7266AD10600873625 /* AwardsViewState.swift */ = {isa = PBXFileReference; lastKnownFileType = sourcecode.swift; path = AwardsViewState.swift; sourceTree = "<group>"; };
		DC1926CA266AD81600873625 /* Image.swift */ = {isa = PBXFileReference; lastKnownFileType = sourcecode.swift; path = Image.swift; sourceTree = "<group>"; };
		DC1926CC266AD97900873625 /* Array.swift */ = {isa = PBXFileReference; lastKnownFileType = sourcecode.swift; path = Array.swift; sourceTree = "<group>"; };
		DC1926CF266AED2000873625 /* HelpView.swift */ = {isa = PBXFileReference; lastKnownFileType = sourcecode.swift; path = HelpView.swift; sourceTree = "<group>"; };
		DC1926D1266AF81F00873625 /* HelpViewState.swift */ = {isa = PBXFileReference; lastKnownFileType = sourcecode.swift; path = HelpViewState.swift; sourceTree = "<group>"; };
		DC67B86426695E9300BCA8BF /* GoalsService.swift */ = {isa = PBXFileReference; lastKnownFileType = sourcecode.swift; path = GoalsService.swift; sourceTree = "<group>"; };
		DC67B867266962D700BCA8BF /* GoalResponse.swift */ = {isa = PBXFileReference; lastKnownFileType = sourcecode.swift; path = GoalResponse.swift; sourceTree = "<group>"; };
		DC67B86A2669645C00BCA8BF /* Reward.swift */ = {isa = PBXFileReference; lastKnownFileType = sourcecode.swift; path = Reward.swift; sourceTree = "<group>"; };
		DC67B86E266965B400BCA8BF /* GoalsResponseMapper.swift */ = {isa = PBXFileReference; lastKnownFileType = sourcecode.swift; path = GoalsResponseMapper.swift; sourceTree = "<group>"; };
		DC67B874266971B700BCA8BF /* ContentViewState.swift */ = {isa = PBXFileReference; lastKnownFileType = sourcecode.swift; path = ContentViewState.swift; sourceTree = "<group>"; };
		DC67B87B2669735C00BCA8BF /* GoalsServiceTests.swift */ = {isa = PBXFileReference; lastKnownFileType = sourcecode.swift; path = GoalsServiceTests.swift; sourceTree = "<group>"; };
		DC67B87D2669738B00BCA8BF /* HttpClientMock.swift */ = {isa = PBXFileReference; lastKnownFileType = sourcecode.swift; path = HttpClientMock.swift; sourceTree = "<group>"; };
		DC67B87F2669799000BCA8BF /* MockError.swift */ = {isa = PBXFileReference; lastKnownFileType = sourcecode.swift; path = MockError.swift; sourceTree = "<group>"; };
		DC67B881266979FE00BCA8BF /* Subscribers.swift */ = {isa = PBXFileReference; lastKnownFileType = sourcecode.swift; path = Subscribers.swift; sourceTree = "<group>"; };
		DC67B88526697BA500BCA8BF /* GoalsResponseMapperTests.swift */ = {isa = PBXFileReference; lastKnownFileType = sourcecode.swift; path = GoalsResponseMapperTests.swift; sourceTree = "<group>"; };
		DC67B88826697C0700BCA8BF /* GoalResponse.swift */ = {isa = PBXFileReference; lastKnownFileType = sourcecode.swift; path = GoalResponse.swift; sourceTree = "<group>"; };
		DC67B88A2669825500BCA8BF /* UserDefaultStorageMock.swift */ = {isa = PBXFileReference; lastKnownFileType = sourcecode.swift; path = UserDefaultStorageMock.swift; sourceTree = "<group>"; };
		DC67B88C2669827D00BCA8BF /* GoalsResponseMapperMock.swift */ = {isa = PBXFileReference; lastKnownFileType = sourcecode.swift; path = GoalsResponseMapperMock.swift; sourceTree = "<group>"; };
		DC67B88E266985BA00BCA8BF /* GoalsRepositoryTests.swift */ = {isa = PBXFileReference; lastKnownFileType = sourcecode.swift; path = GoalsRepositoryTests.swift; sourceTree = "<group>"; };
		DC67B89126698C4300BCA8BF /* DeferredFuture.swift */ = {isa = PBXFileReference; lastKnownFileType = sourcecode.swift; path = DeferredFuture.swift; sourceTree = "<group>"; };
		DC988D23266CD7D30073DF87 /* HelpViewTests.swift */ = {isa = PBXFileReference; lastKnownFileType = sourcecode.swift; path = HelpViewTests.swift; sourceTree = "<group>"; };
		DC988D25266CD9D70073DF87 /* XCTestCase.swift */ = {isa = PBXFileReference; lastKnownFileType = sourcecode.swift; path = XCTestCase.swift; sourceTree = "<group>"; };
		DC988D27266CDC1F0073DF87 /* AwardsViewTests.swift */ = {isa = PBXFileReference; lastKnownFileType = sourcecode.swift; path = AwardsViewTests.swift; sourceTree = "<group>"; };
		DC988D29266CDC510073DF87 /* ContentViewTests.swift */ = {isa = PBXFileReference; lastKnownFileType = sourcecode.swift; path = ContentViewTests.swift; sourceTree = "<group>"; };
		DC988D2C266CDC750073DF87 /* SummaryViewTests.swift */ = {isa = PBXFileReference; lastKnownFileType = sourcecode.swift; path = SummaryViewTests.swift; sourceTree = "<group>"; };
		DC988D2E266CDCA50073DF87 /* SummaryViewStateTests.swift */ = {isa = PBXFileReference; lastKnownFileType = sourcecode.swift; path = SummaryViewStateTests.swift; sourceTree = "<group>"; };
		DC9BBAF626699846007E7503 /* GoalsUseCase.swift */ = {isa = PBXFileReference; lastKnownFileType = sourcecode.swift; path = GoalsUseCase.swift; sourceTree = "<group>"; };
		DCA67DCF266B81A200308764 /* HealthDataRepository.swift */ = {isa = PBXFileReference; lastKnownFileType = sourcecode.swift; path = HealthDataRepository.swift; sourceTree = "<group>"; };
		DCA67DD1266B821000308764 /* HealthStoreProtocol.swift */ = {isa = PBXFileReference; lastKnownFileType = sourcecode.swift; path = HealthStoreProtocol.swift; sourceTree = "<group>"; };
		DCA67DD3266B89F000308764 /* YourFitnessLevel.entitlements */ = {isa = PBXFileReference; lastKnownFileType = text.plist.entitlements; path = YourFitnessLevel.entitlements; sourceTree = "<group>"; };
		DCA67DD5266B89F000308764 /* HealthKit.framework */ = {isa = PBXFileReference; lastKnownFileType = wrapper.framework; name = HealthKit.framework; path = System/Library/Frameworks/HealthKit.framework; sourceTree = SDKROOT; };
		DCA67DD7266B8B6300308764 /* ActivityUseCase.swift */ = {isa = PBXFileReference; lastKnownFileType = sourcecode.swift; path = ActivityUseCase.swift; sourceTree = "<group>"; };
		DCA67DD9266B934C00308764 /* CalendarProtocol.swift */ = {isa = PBXFileReference; lastKnownFileType = sourcecode.swift; path = CalendarProtocol.swift; sourceTree = "<group>"; };
		DCA67DDB266BAA6800308764 /* Activity.swift */ = {isa = PBXFileReference; lastKnownFileType = sourcecode.swift; path = Activity.swift; sourceTree = "<group>"; };
		DCA67DDD266BC1C500308764 /* ChartView.swift */ = {isa = PBXFileReference; lastKnownFileType = sourcecode.swift; path = ChartView.swift; sourceTree = "<group>"; };
		DCA67DE1266BD5E200308764 /* ChartViewState.swift */ = {isa = PBXFileReference; lastKnownFileType = sourcecode.swift; path = ChartViewState.swift; sourceTree = "<group>"; };
		DCA67DE4266BE76200308764 /* Color.swift */ = {isa = PBXFileReference; lastKnownFileType = sourcecode.swift; path = Color.swift; sourceTree = "<group>"; };
		DCA67DE6266BEF6F00308764 /* DateFormatterProtocol.swift */ = {isa = PBXFileReference; lastKnownFileType = sourcecode.swift; path = DateFormatterProtocol.swift; sourceTree = "<group>"; };
		DCA67DEC266BFA9F00308764 /* LottieView.swift */ = {isa = PBXFileReference; lastKnownFileType = sourcecode.swift; path = LottieView.swift; sourceTree = "<group>"; };
		DCA67DEF266BFB4500308764 /* loading.json */ = {isa = PBXFileReference; fileEncoding = 4; lastKnownFileType = text.json; path = loading.json; sourceTree = "<group>"; };
		DCCCF384266BFC1700954B4F /* noData.json */ = {isa = PBXFileReference; fileEncoding = 4; lastKnownFileType = text.json; path = noData.json; sourceTree = "<group>"; };
		DCCCF386266C077200954B4F /* NumberView.swift */ = {isa = PBXFileReference; lastKnownFileType = sourcecode.swift; path = NumberView.swift; sourceTree = "<group>"; };
		DCCCF388266C156D00954B4F /* Launch Screen.storyboard */ = {isa = PBXFileReference; lastKnownFileType = file.storyboard; path = "Launch Screen.storyboard"; sourceTree = "<group>"; };
		DCCCF38A266C3DC800954B4F /* GoalsServiceMock.swift */ = {isa = PBXFileReference; lastKnownFileType = sourcecode.swift; path = GoalsServiceMock.swift; sourceTree = "<group>"; };
		DCCCF38C266C3F3200954B4F /* Publisher.swift */ = {isa = PBXFileReference; lastKnownFileType = sourcecode.swift; path = Publisher.swift; sourceTree = "<group>"; };
		DCCCF38E266C443C00954B4F /* Goal.swift */ = {isa = PBXFileReference; lastKnownFileType = sourcecode.swift; path = Goal.swift; sourceTree = "<group>"; };
		DCCCF390266C4BA200954B4F /* GoalsRepositoryMock.swift */ = {isa = PBXFileReference; lastKnownFileType = sourcecode.swift; path = GoalsRepositoryMock.swift; sourceTree = "<group>"; };
		DCCCF392266C4DD800954B4F /* ActivityUseCaseTests.swift */ = {isa = PBXFileReference; lastKnownFileType = sourcecode.swift; path = ActivityUseCaseTests.swift; sourceTree = "<group>"; };
		DCCCF394266C4E1000954B4F /* CalendarMock.swift */ = {isa = PBXFileReference; lastKnownFileType = sourcecode.swift; path = CalendarMock.swift; sourceTree = "<group>"; };
		DCCCF396266C4F2500954B4F /* HealthDataRepositoryMock.swift */ = {isa = PBXFileReference; lastKnownFileType = sourcecode.swift; path = HealthDataRepositoryMock.swift; sourceTree = "<group>"; };
		DCCCF398266C4FEE00954B4F /* GoalsUseCaseTests.swift */ = {isa = PBXFileReference; lastKnownFileType = sourcecode.swift; path = GoalsUseCaseTests.swift; sourceTree = "<group>"; };
		DCCCF39A266C532B00954B4F /* Publisher.swift */ = {isa = PBXFileReference; lastKnownFileType = sourcecode.swift; path = Publisher.swift; sourceTree = "<group>"; };
		DCCCF39E266C5E3400954B4F /* HelpViewStateTests.swift */ = {isa = PBXFileReference; lastKnownFileType = sourcecode.swift; path = HelpViewStateTests.swift; sourceTree = "<group>"; };
		DCCCF3A0266C5E9200954B4F /* GoalsUseCaseMock.swift */ = {isa = PBXFileReference; lastKnownFileType = sourcecode.swift; path = GoalsUseCaseMock.swift; sourceTree = "<group>"; };
		DCCCF3A2266C5F0D00954B4F /* ActivityUseCaseMock.swift */ = {isa = PBXFileReference; lastKnownFileType = sourcecode.swift; path = ActivityUseCaseMock.swift; sourceTree = "<group>"; };
		DCCCF3A5266C618700954B4F /* ContentViewStateTests.swift */ = {isa = PBXFileReference; lastKnownFileType = sourcecode.swift; path = ContentViewStateTests.swift; sourceTree = "<group>"; };
		DCCCF3A8266C638400954B4F /* AwardsViewStateTests.swift */ = {isa = PBXFileReference; lastKnownFileType = sourcecode.swift; path = AwardsViewStateTests.swift; sourceTree = "<group>"; };
/* End PBXFileReference section */

/* Begin PBXFrameworksBuildPhase section */
		DC12FCF72667F9C300602376 /* Frameworks */ = {
			isa = PBXFrameworksBuildPhase;
			buildActionMask = 2147483647;
			files = (
				DC1926D7266B024C00873625 /* CombineSchedulers in Frameworks */,
				DCA67DD6266B89F000308764 /* HealthKit.framework in Frameworks */,
				DCA67DEA266BFA8200308764 /* Lottie in Frameworks */,
			);
			runOnlyForDeploymentPostprocessing = 0;
		};
		DC12FD082667F9C500602376 /* Frameworks */ = {
			isa = PBXFrameworksBuildPhase;
			buildActionMask = 2147483647;
			files = (
				DC988D22266CD79D0073DF87 /* SnapshotTesting in Frameworks */,
			);
			runOnlyForDeploymentPostprocessing = 0;
		};
/* End PBXFrameworksBuildPhase section */

/* Begin PBXGroup section */
		DC12FCF12667F9C300602376 = {
			isa = PBXGroup;
			children = (
				DC12FCFC2667F9C300602376 /* YourFitnessLevel */,
				DC12FD0E2667F9C500602376 /* YourFitnessLevelTests */,
				DC12FCFB2667F9C300602376 /* Products */,
				DCA67DD4266B89F000308764 /* Frameworks */,
			);
			sourceTree = "<group>";
		};
		DC12FCFB2667F9C300602376 /* Products */ = {
			isa = PBXGroup;
			children = (
				DC12FCFA2667F9C300602376 /* YourFitnessLevel.app */,
				DC12FD0B2667F9C500602376 /* YourFitnessLevelTests.xctest */,
			);
			name = Products;
			sourceTree = "<group>";
		};
		DC12FCFC2667F9C300602376 /* YourFitnessLevel */ = {
			isa = PBXGroup;
			children = (
				DCA67DD3266B89F000308764 /* YourFitnessLevel.entitlements */,
				DC12FD032667F9C500602376 /* Preview Content */,
				DC12FD2B2668019400602376 /* Resources */,
				DC12FD2A2668018700602376 /* Sources */,
			);
			path = YourFitnessLevel;
			sourceTree = "<group>";
		};
		DC12FD032667F9C500602376 /* Preview Content */ = {
			isa = PBXGroup;
			children = (
				DC12FD042667F9C500602376 /* Preview Assets.xcassets */,
			);
			path = "Preview Content";
			sourceTree = "<group>";
		};
		DC12FD0E2667F9C500602376 /* YourFitnessLevelTests */ = {
			isa = PBXGroup;
			children = (
				DC12FD112667F9C500602376 /* Info.plist */,
				DC12FD3A2668130600602376 /* Tests */,
			);
			path = YourFitnessLevelTests;
			sourceTree = "<group>";
		};
		DC12FD2A2668018700602376 /* Sources */ = {
			isa = PBXGroup;
			children = (
				DC12FD062667F9C500602376 /* Info.plist */,
				DC12FD2C2668024100602376 /* Application */,
				DC12FD64266941E100602376 /* Data */,
				DC12FD4B2668249800602376 /* Modules */,
				DC12FD692669434D00602376 /* Utils */,
			);
			path = Sources;
			sourceTree = "<group>";
		};
		DC12FD2B2668019400602376 /* Resources */ = {
			isa = PBXGroup;
			children = (
				DC12FD012667F9C500602376 /* Assets.xcassets */,
				DCA67DEE266BFB2600308764 /* Animations */,
				DCCCF388266C156D00954B4F /* Launch Screen.storyboard */,
			);
			path = Resources;
			sourceTree = "<group>";
		};
		DC12FD2C2668024100602376 /* Application */ = {
			isa = PBXGroup;
			children = (
				DC12FD382668108700602376 /* AppDelegate.swift */,
				DC12FCFD2667F9C300602376 /* YourFitnessLevelApp.swift */,
				DC12FD2D2668029E00602376 /* DependencyInjection */,
			);
			path = Application;
			sourceTree = "<group>";
		};
		DC12FD2D2668029E00602376 /* DependencyInjection */ = {
			isa = PBXGroup;
			children = (
				DC12FD3626680FDA00602376 /* Dependencies.swift */,
				DC12FD34266807B600602376 /* DependencyContainer.swift */,
				DC12FD322668074400602376 /* Injected.swift */,
			);
			path = DependencyInjection;
			sourceTree = "<group>";
		};
		DC12FD3A2668130600602376 /* Tests */ = {
			isa = PBXGroup;
			children = (
				DC12FD3B2668131D00602376 /* Application */,
				DC67B876266972FB00BCA8BF /* Data */,
				DCCCF39C266C5DF700954B4F /* Modules */,
				DC12FD4426681ECB00602376 /* TestUtils */,
			);
			path = Tests;
			sourceTree = "<group>";
		};
		DC12FD3B2668131D00602376 /* Application */ = {
			isa = PBXGroup;
			children = (
				DC12FD3C2668132700602376 /* DependencyInjection */,
			);
			path = Application;
			sourceTree = "<group>";
		};
		DC12FD3C2668132700602376 /* DependencyInjection */ = {
			isa = PBXGroup;
			children = (
				DC12FD3E266813FE00602376 /* AppContainerTests.swift */,
				DC12FD4226681E9800602376 /* InjectedTests.swift */,
			);
			path = DependencyInjection;
			sourceTree = "<group>";
		};
		DC12FD4426681ECB00602376 /* TestUtils */ = {
			isa = PBXGroup;
			children = (
				DC12FD482668226E00602376 /* DependencyInjection */,
				DC67B88326697A0800BCA8BF /* Extensions */,
				DC67B88726697BF400BCA8BF /* Fakes */,
				DC12FD4526681EF700602376 /* Mocks */,
			);
			path = TestUtils;
			sourceTree = "<group>";
		};
		DC12FD4526681EF700602376 /* Mocks */ = {
			isa = PBXGroup;
			children = (
				DCCCF3A2266C5F0D00954B4F /* ActivityUseCaseMock.swift */,
				DCCCF394266C4E1000954B4F /* CalendarMock.swift */,
				DC12FD4626681F0C00602376 /* DependencyContainerMock.swift */,
				DCCCF390266C4BA200954B4F /* GoalsRepositoryMock.swift */,
				DC67B88C2669827D00BCA8BF /* GoalsResponseMapperMock.swift */,
				DCCCF38A266C3DC800954B4F /* GoalsServiceMock.swift */,
				DCCCF3A0266C5E9200954B4F /* GoalsUseCaseMock.swift */,
				DCCCF396266C4F2500954B4F /* HealthDataRepositoryMock.swift */,
				DC67B87D2669738B00BCA8BF /* HttpClientMock.swift */,
				DC67B87F2669799000BCA8BF /* MockError.swift */,
				DC67B88A2669825500BCA8BF /* UserDefaultStorageMock.swift */,
			);
			path = Mocks;
			sourceTree = "<group>";
		};
		DC12FD482668226E00602376 /* DependencyInjection */ = {
			isa = PBXGroup;
			children = (
				DC12FD492668228600602376 /* TestDependencyContainer.swift */,
			);
			path = DependencyInjection;
			sourceTree = "<group>";
		};
		DC12FD4B2668249800602376 /* Modules */ = {
			isa = PBXGroup;
			children = (
				DC1926C4266ACC5F00873625 /* Awards */,
				DC67B8732669718D00BCA8BF /* Content */,
				DC1926CE266AECE000873625 /* Help */,
				DC12FD4C266824A100602376 /* Summary */,
			);
			path = Modules;
			sourceTree = "<group>";
		};
		DC12FD4C266824A100602376 /* Summary */ = {
			isa = PBXGroup;
			children = (
				DC12FD592668345B00602376 /* CategoryView.swift */,
				DC12FD4D2668250200602376 /* SummaryView.swift */,
				DC12FD4F2668285C00602376 /* SummaryViewState.swift */,
				DCA67DE3266BD60700308764 /* ChartView */,
			);
			path = Summary;
			sourceTree = "<group>";
		};
		DC12FD522668308000602376 /* Models */ = {
			isa = PBXGroup;
			children = (
				DC67B86C2669659400BCA8BF /* Domain */,
				DC67B8692669639800BCA8BF /* Responses */,
			);
			path = Models;
			sourceTree = "<group>";
		};
		DC12FD552668326800602376 /* Extensions */ = {
			isa = PBXGroup;
			children = (
				DC1926CC266AD97900873625 /* Array.swift */,
				DCA67DE4266BE76200308764 /* Color.swift */,
				DC1926CA266AD81600873625 /* Image.swift */,
				DC12FD572668330700602376 /* View.swift */,
				DCCCF39A266C532B00954B4F /* Publisher.swift */,
			);
			path = Extensions;
			sourceTree = "<group>";
		};
		DC12FD5F266940AE00602376 /* Repositories */ = {
			isa = PBXGroup;
			children = (
				DC12FD60266940CD00602376 /* GoalsRepository.swift */,
				DCA67DCF266B81A200308764 /* HealthDataRepository.swift */,
				DC67B86D2669659D00BCA8BF /* Mappers */,
			);
			path = Repositories;
			sourceTree = "<group>";
		};
		DC12FD64266941E100602376 /* Data */ = {
			isa = PBXGroup;
			children = (
				DC12FD522668308000602376 /* Models */,
				DC12FD662669422800602376 /* Network */,
				DC12FD5F266940AE00602376 /* Repositories */,
				DC12FD652669422100602376 /* Storage */,
				DC67B8702669689000BCA8BF /* UseCases */,
			);
			path = Data;
			sourceTree = "<group>";
		};
		DC12FD652669422100602376 /* Storage */ = {
			isa = PBXGroup;
			children = (
				DC12FD67266942E800602376 /* UserDefaultStorage.swift */,
			);
			path = Storage;
			sourceTree = "<group>";
		};
		DC12FD662669422800602376 /* Network */ = {
			isa = PBXGroup;
			children = (
				DC67B86426695E9300BCA8BF /* GoalsService.swift */,
				DC12FD71266946F200602376 /* HttpClient.swift */,
				DC12FD73266947A900602376 /* URLSessionFactory.swift */,
			);
			path = Network;
			sourceTree = "<group>";
		};
		DC12FD692669434D00602376 /* Utils */ = {
			isa = PBXGroup;
			children = (
				DCA67DEB266BFA9300308764 /* CustomViews */,
				DC67B89026698C3900BCA8BF /* Helpers */,
				DC12FD6A2669435B00602376 /* Protocols */,
				DC12FD552668326800602376 /* Extensions */,
			);
			path = Utils;
			sourceTree = "<group>";
		};
		DC12FD6A2669435B00602376 /* Protocols */ = {
			isa = PBXGroup;
			children = (
				DCA67DD9266B934C00308764 /* CalendarProtocol.swift */,
				DCA67DE6266BEF6F00308764 /* DateFormatterProtocol.swift */,
				DCA67DD1266B821000308764 /* HealthStoreProtocol.swift */,
				DC12FD6B2669437100602376 /* JSONDecoderProtocol.swift */,
				DC12FD6D2669437900602376 /* JSONEncoderProtocol.swift */,
				DC12FD6F2669438100602376 /* UserDefaultsProtocol.swift */,
			);
			path = Protocols;
			sourceTree = "<group>";
		};
		DC1926C4266ACC5F00873625 /* Awards */ = {
			isa = PBXGroup;
			children = (
				DC1926C5266ACC7500873625 /* AwardsView.swift */,
				DC1926C7266AD10600873625 /* AwardsViewState.swift */,
			);
			path = Awards;
			sourceTree = "<group>";
		};
		DC1926CE266AECE000873625 /* Help */ = {
			isa = PBXGroup;
			children = (
				DC1926CF266AED2000873625 /* HelpView.swift */,
				DC1926D1266AF81F00873625 /* HelpViewState.swift */,
			);
			path = Help;
			sourceTree = "<group>";
		};
		DC67B8692669639800BCA8BF /* Responses */ = {
			isa = PBXGroup;
			children = (
				DC67B867266962D700BCA8BF /* GoalResponse.swift */,
			);
			path = Responses;
			sourceTree = "<group>";
		};
		DC67B86C2669659400BCA8BF /* Domain */ = {
			isa = PBXGroup;
			children = (
				DC12FD53266830A400602376 /* Category.swift */,
				DC12FD622669411700602376 /* Goal.swift */,
				DC67B86A2669645C00BCA8BF /* Reward.swift */,
				DCA67DDB266BAA6800308764 /* Activity.swift */,
			);
			path = Domain;
			sourceTree = "<group>";
		};
		DC67B86D2669659D00BCA8BF /* Mappers */ = {
			isa = PBXGroup;
			children = (
				DC67B86E266965B400BCA8BF /* GoalsResponseMapper.swift */,
			);
			path = Mappers;
			sourceTree = "<group>";
		};
		DC67B8702669689000BCA8BF /* UseCases */ = {
			isa = PBXGroup;
			children = (
				DCA67DD7266B8B6300308764 /* ActivityUseCase.swift */,
				DC9BBAF626699846007E7503 /* GoalsUseCase.swift */,
			);
			path = UseCases;
			sourceTree = "<group>";
		};
		DC67B8732669718D00BCA8BF /* Content */ = {
			isa = PBXGroup;
			children = (
				DC12FCFF2667F9C300602376 /* ContentView.swift */,
				DC67B874266971B700BCA8BF /* ContentViewState.swift */,
			);
			path = Content;
			sourceTree = "<group>";
		};
		DC67B876266972FB00BCA8BF /* Data */ = {
			isa = PBXGroup;
			children = (
				DC67B8772669730600BCA8BF /* Network */,
				DC67B8782669730C00BCA8BF /* Repositories */,
				DC67B87A2669731800BCA8BF /* UseCases */,
			);
			path = Data;
			sourceTree = "<group>";
		};
		DC67B8772669730600BCA8BF /* Network */ = {
			isa = PBXGroup;
			children = (
				DC67B87B2669735C00BCA8BF /* GoalsServiceTests.swift */,
			);
			path = Network;
			sourceTree = "<group>";
		};
		DC67B8782669730C00BCA8BF /* Repositories */ = {
			isa = PBXGroup;
			children = (
				DC67B88426697B9200BCA8BF /* Mappers */,
				DC67B88E266985BA00BCA8BF /* GoalsRepositoryTests.swift */,
			);
			path = Repositories;
			sourceTree = "<group>";
		};
		DC67B87A2669731800BCA8BF /* UseCases */ = {
			isa = PBXGroup;
			children = (
				DCCCF392266C4DD800954B4F /* ActivityUseCaseTests.swift */,
				DCCCF398266C4FEE00954B4F /* GoalsUseCaseTests.swift */,
			);
			path = UseCases;
			sourceTree = "<group>";
		};
		DC67B88326697A0800BCA8BF /* Extensions */ = {
			isa = PBXGroup;
			children = (
				DC67B881266979FE00BCA8BF /* Subscribers.swift */,
				DCCCF38C266C3F3200954B4F /* Publisher.swift */,
				DC988D25266CD9D70073DF87 /* XCTestCase.swift */,
			);
			path = Extensions;
			sourceTree = "<group>";
		};
		DC67B88426697B9200BCA8BF /* Mappers */ = {
			isa = PBXGroup;
			children = (
				DC67B88526697BA500BCA8BF /* GoalsResponseMapperTests.swift */,
			);
			path = Mappers;
			sourceTree = "<group>";
		};
		DC67B88726697BF400BCA8BF /* Fakes */ = {
			isa = PBXGroup;
			children = (
				DC67B88826697C0700BCA8BF /* GoalResponse.swift */,
				DCCCF38E266C443C00954B4F /* Goal.swift */,
			);
			path = Fakes;
			sourceTree = "<group>";
		};
		DC67B89026698C3900BCA8BF /* Helpers */ = {
			isa = PBXGroup;
			children = (
				DC67B89126698C4300BCA8BF /* DeferredFuture.swift */,
			);
			path = Helpers;
			sourceTree = "<group>";
		};
		DC988D2B266CDC680073DF87 /* Summary */ = {
			isa = PBXGroup;
			children = (
				DC988D2E266CDCA50073DF87 /* SummaryViewStateTests.swift */,
				DC988D2C266CDC750073DF87 /* SummaryViewTests.swift */,
			);
			path = Summary;
			sourceTree = "<group>";
		};
		DCA67DD4266B89F000308764 /* Frameworks */ = {
			isa = PBXGroup;
			children = (
				DCA67DD5266B89F000308764 /* HealthKit.framework */,
			);
			name = Frameworks;
			sourceTree = "<group>";
		};
		DCA67DE3266BD60700308764 /* ChartView */ = {
			isa = PBXGroup;
			children = (
				DCA67DDD266BC1C500308764 /* ChartView.swift */,
				DCA67DE1266BD5E200308764 /* ChartViewState.swift */,
			);
			path = ChartView;
			sourceTree = "<group>";
		};
		DCA67DEB266BFA9300308764 /* CustomViews */ = {
			isa = PBXGroup;
			children = (
				DCA67DEC266BFA9F00308764 /* LottieView.swift */,
				DCCCF386266C077200954B4F /* NumberView.swift */,
			);
			path = CustomViews;
			sourceTree = "<group>";
		};
		DCA67DEE266BFB2600308764 /* Animations */ = {
			isa = PBXGroup;
			children = (
				DCCCF384266BFC1700954B4F /* noData.json */,
				DCA67DEF266BFB4500308764 /* loading.json */,
			);
			path = Animations;
			sourceTree = "<group>";
		};
		DCCCF39C266C5DF700954B4F /* Modules */ = {
			isa = PBXGroup;
			children = (
				DCCCF3A7266C632300954B4F /* Awards */,
				DCCCF3A4266C617400954B4F /* Content */,
				DCCCF39D266C5E2800954B4F /* Help */,
				DC988D2B266CDC680073DF87 /* Summary */,
			);
			path = Modules;
			sourceTree = "<group>";
		};
		DCCCF39D266C5E2800954B4F /* Help */ = {
			isa = PBXGroup;
			children = (
				DCCCF39E266C5E3400954B4F /* HelpViewStateTests.swift */,
				DC988D23266CD7D30073DF87 /* HelpViewTests.swift */,
			);
			path = Help;
			sourceTree = "<group>";
		};
		DCCCF3A4266C617400954B4F /* Content */ = {
			isa = PBXGroup;
			children = (
				DCCCF3A5266C618700954B4F /* ContentViewStateTests.swift */,
				DC988D29266CDC510073DF87 /* ContentViewTests.swift */,
			);
			path = Content;
			sourceTree = "<group>";
		};
		DCCCF3A7266C632300954B4F /* Awards */ = {
			isa = PBXGroup;
			children = (
				DCCCF3A8266C638400954B4F /* AwardsViewStateTests.swift */,
				DC988D27266CDC1F0073DF87 /* AwardsViewTests.swift */,
			);
			path = Awards;
			sourceTree = "<group>";
		};
/* End PBXGroup section */

/* Begin PBXNativeTarget section */
		DC12FCF92667F9C300602376 /* YourFitnessLevel */ = {
			isa = PBXNativeTarget;
			buildConfigurationList = DC12FD1F2667F9C500602376 /* Build configuration list for PBXNativeTarget "YourFitnessLevel" */;
			buildPhases = (
				DC12FCF62667F9C300602376 /* Sources */,
				DC12FCF72667F9C300602376 /* Frameworks */,
				DC12FCF82667F9C300602376 /* Resources */,
				DC12FD31266805E900602376 /* SwiftLint */,
			);
			buildRules = (
			);
			dependencies = (
			);
			name = YourFitnessLevel;
			packageProductDependencies = (
				DC1926D6266B024C00873625 /* CombineSchedulers */,
				DCA67DE9266BFA8200308764 /* Lottie */,
			);
			productName = YourFitnessLevel;
			productReference = DC12FCFA2667F9C300602376 /* YourFitnessLevel.app */;
			productType = "com.apple.product-type.application";
		};
		DC12FD0A2667F9C500602376 /* YourFitnessLevelTests */ = {
			isa = PBXNativeTarget;
			buildConfigurationList = DC12FD222667F9C500602376 /* Build configuration list for PBXNativeTarget "YourFitnessLevelTests" */;
			buildPhases = (
				DC12FD072667F9C500602376 /* Sources */,
				DC12FD082667F9C500602376 /* Frameworks */,
				DC12FD092667F9C500602376 /* Resources */,
			);
			buildRules = (
			);
			dependencies = (
				DC12FD0D2667F9C500602376 /* PBXTargetDependency */,
			);
			name = YourFitnessLevelTests;
			packageProductDependencies = (
				DC988D21266CD79D0073DF87 /* SnapshotTesting */,
			);
			productName = YourFitnessLevelTests;
			productReference = DC12FD0B2667F9C500602376 /* YourFitnessLevelTests.xctest */;
			productType = "com.apple.product-type.bundle.unit-test";
		};
/* End PBXNativeTarget section */

/* Begin PBXProject section */
		DC12FCF22667F9C300602376 /* Project object */ = {
			isa = PBXProject;
			attributes = {
				LastSwiftUpdateCheck = 1250;
				LastUpgradeCheck = 1250;
				TargetAttributes = {
					DC12FCF92667F9C300602376 = {
						CreatedOnToolsVersion = 12.5;
					};
					DC12FD0A2667F9C500602376 = {
						CreatedOnToolsVersion = 12.5;
						LastSwiftMigration = 1250;
						TestTargetID = DC12FCF92667F9C300602376;
					};
				};
			};
			buildConfigurationList = DC12FCF52667F9C300602376 /* Build configuration list for PBXProject "YourFitnessLevel" */;
			compatibilityVersion = "Xcode 9.3";
			developmentRegion = en;
			hasScannedForEncodings = 0;
			knownRegions = (
				en,
				Base,
			);
			mainGroup = DC12FCF12667F9C300602376;
			packageReferences = (
				DC12FD2E2668046000602376 /* XCRemoteSwiftPackageReference "SwiftLint" */,
				DC1926D5266B024C00873625 /* XCRemoteSwiftPackageReference "combine-schedulers" */,
				DCA67DE8266BFA8200308764 /* XCRemoteSwiftPackageReference "lottie-ios" */,
				DC988D20266CD79D0073DF87 /* XCRemoteSwiftPackageReference "swift-snapshot-testing" */,
			);
			productRefGroup = DC12FCFB2667F9C300602376 /* Products */;
			projectDirPath = "";
			projectRoot = "";
			targets = (
				DC12FCF92667F9C300602376 /* YourFitnessLevel */,
				DC12FD0A2667F9C500602376 /* YourFitnessLevelTests */,
			);
		};
/* End PBXProject section */

/* Begin PBXResourcesBuildPhase section */
		DC12FCF82667F9C300602376 /* Resources */ = {
			isa = PBXResourcesBuildPhase;
			buildActionMask = 2147483647;
			files = (
				DC12FD052667F9C500602376 /* Preview Assets.xcassets in Resources */,
				DC12FD022667F9C500602376 /* Assets.xcassets in Resources */,
				DCCCF385266BFC1700954B4F /* noData.json in Resources */,
				DCCCF389266C156D00954B4F /* Launch Screen.storyboard in Resources */,
				DCA67DF0266BFB4500308764 /* loading.json in Resources */,
			);
			runOnlyForDeploymentPostprocessing = 0;
		};
		DC12FD092667F9C500602376 /* Resources */ = {
			isa = PBXResourcesBuildPhase;
			buildActionMask = 2147483647;
			files = (
			);
			runOnlyForDeploymentPostprocessing = 0;
		};
/* End PBXResourcesBuildPhase section */

/* Begin PBXShellScriptBuildPhase section */
		DC12FD31266805E900602376 /* SwiftLint */ = {
			isa = PBXShellScriptBuildPhase;
			buildActionMask = 2147483647;
			files = (
			);
			inputFileListPaths = (
			);
			inputPaths = (
			);
			name = SwiftLint;
			outputFileListPaths = (
			);
			outputPaths = (
			);
			runOnlyForDeploymentPostprocessing = 0;
			shellPath = /bin/sh;
			shellScript = "# Type a script or drag a script file from your workspace to insert its path.\nif which swiftlint >/dev/null; then\n  swiftlint autocorrect\nelse\n  echo \"warning: SwiftLint not installed, download from https://github.com/realm/SwiftLint\"\nfi\n";
		};
/* End PBXShellScriptBuildPhase section */

/* Begin PBXSourcesBuildPhase section */
		DC12FCF62667F9C300602376 /* Sources */ = {
			isa = PBXSourcesBuildPhase;
			buildActionMask = 2147483647;
			files = (
				DC12FD6E2669437900602376 /* JSONEncoderProtocol.swift in Sources */,
				DC12FD392668108700602376 /* AppDelegate.swift in Sources */,
				DC67B86F266965B400BCA8BF /* GoalsResponseMapper.swift in Sources */,
				DC67B875266971B700BCA8BF /* ContentViewState.swift in Sources */,
				DC12FD4E2668250200602376 /* SummaryView.swift in Sources */,
				DC12FD61266940CD00602376 /* GoalsRepository.swift in Sources */,
				DC67B86B2669645C00BCA8BF /* Reward.swift in Sources */,
				DC12FD72266946F200602376 /* HttpClient.swift in Sources */,
				DC9BBAF726699846007E7503 /* GoalsUseCase.swift in Sources */,
				DC12FD582668330700602376 /* View.swift in Sources */,
				DCA67DE7266BEF6F00308764 /* DateFormatterProtocol.swift in Sources */,
				DCA67DD2266B821000308764 /* HealthStoreProtocol.swift in Sources */,
				DCCCF39B266C532B00954B4F /* Publisher.swift in Sources */,
				DC12FD702669438100602376 /* UserDefaultsProtocol.swift in Sources */,
				DC12FD002667F9C300602376 /* ContentView.swift in Sources */,
				DCA67DDE266BC1C500308764 /* ChartView.swift in Sources */,
				DC1926D0266AED2000873625 /* HelpView.swift in Sources */,
				DC67B86526695E9300BCA8BF /* GoalsService.swift in Sources */,
				DC12FD632669411700602376 /* Goal.swift in Sources */,
				DC1926D2266AF81F00873625 /* HelpViewState.swift in Sources */,
				DC12FD502668285C00602376 /* SummaryViewState.swift in Sources */,
				DCA67DE5266BE76200308764 /* Color.swift in Sources */,
				DC12FD74266947A900602376 /* URLSessionFactory.swift in Sources */,
				DCA67DE2266BD5E200308764 /* ChartViewState.swift in Sources */,
				DCA67DDA266B934C00308764 /* CalendarProtocol.swift in Sources */,
				DC67B868266962D700BCA8BF /* GoalResponse.swift in Sources */,
				DC12FD5A2668345B00602376 /* CategoryView.swift in Sources */,
				DCA67DD8266B8B6300308764 /* ActivityUseCase.swift in Sources */,
				DCA67DD0266B81A200308764 /* HealthDataRepository.swift in Sources */,
				DC12FD35266807B600602376 /* DependencyContainer.swift in Sources */,
				DC1926C8266AD10600873625 /* AwardsViewState.swift in Sources */,
				DCCCF387266C077200954B4F /* NumberView.swift in Sources */,
				DC1926CB266AD81600873625 /* Image.swift in Sources */,
				DCA67DDC266BAA6800308764 /* Activity.swift in Sources */,
				DC1926C6266ACC7500873625 /* AwardsView.swift in Sources */,
				DCA67DED266BFA9F00308764 /* LottieView.swift in Sources */,
				DC67B89226698C4300BCA8BF /* DeferredFuture.swift in Sources */,
				DC12FD6C2669437100602376 /* JSONDecoderProtocol.swift in Sources */,
				DC12FD54266830A400602376 /* Category.swift in Sources */,
				DC12FCFE2667F9C300602376 /* YourFitnessLevelApp.swift in Sources */,
				DC12FD332668074400602376 /* Injected.swift in Sources */,
				DC12FD68266942E800602376 /* UserDefaultStorage.swift in Sources */,
				DC12FD3726680FDA00602376 /* Dependencies.swift in Sources */,
				DC1926CD266AD97900873625 /* Array.swift in Sources */,
			);
			runOnlyForDeploymentPostprocessing = 0;
		};
		DC12FD072667F9C500602376 /* Sources */ = {
			isa = PBXSourcesBuildPhase;
			buildActionMask = 2147483647;
			files = (
				DCCCF393266C4DD800954B4F /* ActivityUseCaseTests.swift in Sources */,
				DC988D24266CD7D30073DF87 /* HelpViewTests.swift in Sources */,
				DCCCF39F266C5E3400954B4F /* HelpViewStateTests.swift in Sources */,
				DC67B8802669799000BCA8BF /* MockError.swift in Sources */,
				DC67B88626697BA500BCA8BF /* GoalsResponseMapperTests.swift in Sources */,
				DCCCF38B266C3DC800954B4F /* GoalsServiceMock.swift in Sources */,
				DCCCF38D266C3F3200954B4F /* Publisher.swift in Sources */,
				DC67B87E2669738B00BCA8BF /* HttpClientMock.swift in Sources */,
				DC12FD3F266813FE00602376 /* AppContainerTests.swift in Sources */,
				DC67B882266979FE00BCA8BF /* Subscribers.swift in Sources */,
				DC988D26266CD9D70073DF87 /* XCTestCase.swift in Sources */,
				DCCCF3A1266C5E9200954B4F /* GoalsUseCaseMock.swift in Sources */,
				DC67B88926697C0700BCA8BF /* GoalResponse.swift in Sources */,
				DCCCF395266C4E1000954B4F /* CalendarMock.swift in Sources */,
				DCCCF38F266C443C00954B4F /* Goal.swift in Sources */,
				DCCCF397266C4F2500954B4F /* HealthDataRepositoryMock.swift in Sources */,
				DC12FD4726681F0C00602376 /* DependencyContainerMock.swift in Sources */,
				DC988D2D266CDC750073DF87 /* SummaryViewTests.swift in Sources */,
				DC67B88F266985BA00BCA8BF /* GoalsRepositoryTests.swift in Sources */,
				DC988D2F266CDCA50073DF87 /* SummaryViewStateTests.swift in Sources */,
				DC988D2A266CDC510073DF87 /* ContentViewTests.swift in Sources */,
				DCCCF399266C4FEE00954B4F /* GoalsUseCaseTests.swift in Sources */,
				DCCCF3A6266C618700954B4F /* ContentViewStateTests.swift in Sources */,
				DC988D28266CDC1F0073DF87 /* AwardsViewTests.swift in Sources */,
				DCCCF3A9266C638400954B4F /* AwardsViewStateTests.swift in Sources */,
				DC12FD4A2668228600602376 /* TestDependencyContainer.swift in Sources */,
				DC67B88D2669827D00BCA8BF /* GoalsResponseMapperMock.swift in Sources */,
				DC67B87C2669735C00BCA8BF /* GoalsServiceTests.swift in Sources */,
				DCCCF3A3266C5F0D00954B4F /* ActivityUseCaseMock.swift in Sources */,
				DCCCF391266C4BA200954B4F /* GoalsRepositoryMock.swift in Sources */,
				DC12FD4326681E9800602376 /* InjectedTests.swift in Sources */,
				DC67B88B2669825500BCA8BF /* UserDefaultStorageMock.swift in Sources */,
			);
			runOnlyForDeploymentPostprocessing = 0;
		};
/* End PBXSourcesBuildPhase section */

/* Begin PBXTargetDependency section */
		DC12FD0D2667F9C500602376 /* PBXTargetDependency */ = {
			isa = PBXTargetDependency;
			platformFilter = ios;
			target = DC12FCF92667F9C300602376 /* YourFitnessLevel */;
			targetProxy = DC12FD0C2667F9C500602376 /* PBXContainerItemProxy */;
		};
/* End PBXTargetDependency section */

/* Begin XCBuildConfiguration section */
		DC12FD1D2667F9C500602376 /* Debug */ = {
			isa = XCBuildConfiguration;
			buildSettings = {
				ALWAYS_SEARCH_USER_PATHS = NO;
				CLANG_ANALYZER_NONNULL = YES;
				CLANG_ANALYZER_NUMBER_OBJECT_CONVERSION = YES_AGGRESSIVE;
				CLANG_CXX_LANGUAGE_STANDARD = "gnu++14";
				CLANG_CXX_LIBRARY = "libc++";
				CLANG_ENABLE_MODULES = YES;
				CLANG_ENABLE_OBJC_ARC = YES;
				CLANG_ENABLE_OBJC_WEAK = YES;
				CLANG_WARN_BLOCK_CAPTURE_AUTORELEASING = YES;
				CLANG_WARN_BOOL_CONVERSION = YES;
				CLANG_WARN_COMMA = YES;
				CLANG_WARN_CONSTANT_CONVERSION = YES;
				CLANG_WARN_DEPRECATED_OBJC_IMPLEMENTATIONS = YES;
				CLANG_WARN_DIRECT_OBJC_ISA_USAGE = YES_ERROR;
				CLANG_WARN_DOCUMENTATION_COMMENTS = YES;
				CLANG_WARN_EMPTY_BODY = YES;
				CLANG_WARN_ENUM_CONVERSION = YES;
				CLANG_WARN_INFINITE_RECURSION = YES;
				CLANG_WARN_INT_CONVERSION = YES;
				CLANG_WARN_NON_LITERAL_NULL_CONVERSION = YES;
				CLANG_WARN_OBJC_IMPLICIT_RETAIN_SELF = YES;
				CLANG_WARN_OBJC_LITERAL_CONVERSION = YES;
				CLANG_WARN_OBJC_ROOT_CLASS = YES_ERROR;
				CLANG_WARN_QUOTED_INCLUDE_IN_FRAMEWORK_HEADER = YES;
				CLANG_WARN_RANGE_LOOP_ANALYSIS = YES;
				CLANG_WARN_STRICT_PROTOTYPES = YES;
				CLANG_WARN_SUSPICIOUS_MOVE = YES;
				CLANG_WARN_UNGUARDED_AVAILABILITY = YES_AGGRESSIVE;
				CLANG_WARN_UNREACHABLE_CODE = YES;
				CLANG_WARN__DUPLICATE_METHOD_MATCH = YES;
				COPY_PHASE_STRIP = NO;
				DEBUG_INFORMATION_FORMAT = dwarf;
				ENABLE_STRICT_OBJC_MSGSEND = YES;
				ENABLE_TESTABILITY = YES;
				GCC_C_LANGUAGE_STANDARD = gnu11;
				GCC_DYNAMIC_NO_PIC = NO;
				GCC_NO_COMMON_BLOCKS = YES;
				GCC_OPTIMIZATION_LEVEL = 0;
				GCC_PREPROCESSOR_DEFINITIONS = (
					"DEBUG=1",
					"$(inherited)",
				);
				GCC_WARN_64_TO_32_BIT_CONVERSION = YES;
				GCC_WARN_ABOUT_RETURN_TYPE = YES_ERROR;
				GCC_WARN_UNDECLARED_SELECTOR = YES;
				GCC_WARN_UNINITIALIZED_AUTOS = YES_AGGRESSIVE;
				GCC_WARN_UNUSED_FUNCTION = YES;
				GCC_WARN_UNUSED_VARIABLE = YES;
				IPHONEOS_DEPLOYMENT_TARGET = 14.5;
				MTL_ENABLE_DEBUG_INFO = INCLUDE_SOURCE;
				MTL_FAST_MATH = YES;
				ONLY_ACTIVE_ARCH = YES;
				SDKROOT = iphoneos;
				SWIFT_ACTIVE_COMPILATION_CONDITIONS = DEBUG;
				SWIFT_OPTIMIZATION_LEVEL = "-Onone";
			};
			name = Debug;
		};
		DC12FD1E2667F9C500602376 /* Release */ = {
			isa = XCBuildConfiguration;
			buildSettings = {
				ALWAYS_SEARCH_USER_PATHS = NO;
				CLANG_ANALYZER_NONNULL = YES;
				CLANG_ANALYZER_NUMBER_OBJECT_CONVERSION = YES_AGGRESSIVE;
				CLANG_CXX_LANGUAGE_STANDARD = "gnu++14";
				CLANG_CXX_LIBRARY = "libc++";
				CLANG_ENABLE_MODULES = YES;
				CLANG_ENABLE_OBJC_ARC = YES;
				CLANG_ENABLE_OBJC_WEAK = YES;
				CLANG_WARN_BLOCK_CAPTURE_AUTORELEASING = YES;
				CLANG_WARN_BOOL_CONVERSION = YES;
				CLANG_WARN_COMMA = YES;
				CLANG_WARN_CONSTANT_CONVERSION = YES;
				CLANG_WARN_DEPRECATED_OBJC_IMPLEMENTATIONS = YES;
				CLANG_WARN_DIRECT_OBJC_ISA_USAGE = YES_ERROR;
				CLANG_WARN_DOCUMENTATION_COMMENTS = YES;
				CLANG_WARN_EMPTY_BODY = YES;
				CLANG_WARN_ENUM_CONVERSION = YES;
				CLANG_WARN_INFINITE_RECURSION = YES;
				CLANG_WARN_INT_CONVERSION = YES;
				CLANG_WARN_NON_LITERAL_NULL_CONVERSION = YES;
				CLANG_WARN_OBJC_IMPLICIT_RETAIN_SELF = YES;
				CLANG_WARN_OBJC_LITERAL_CONVERSION = YES;
				CLANG_WARN_OBJC_ROOT_CLASS = YES_ERROR;
				CLANG_WARN_QUOTED_INCLUDE_IN_FRAMEWORK_HEADER = YES;
				CLANG_WARN_RANGE_LOOP_ANALYSIS = YES;
				CLANG_WARN_STRICT_PROTOTYPES = YES;
				CLANG_WARN_SUSPICIOUS_MOVE = YES;
				CLANG_WARN_UNGUARDED_AVAILABILITY = YES_AGGRESSIVE;
				CLANG_WARN_UNREACHABLE_CODE = YES;
				CLANG_WARN__DUPLICATE_METHOD_MATCH = YES;
				COPY_PHASE_STRIP = NO;
				DEBUG_INFORMATION_FORMAT = "dwarf-with-dsym";
				ENABLE_NS_ASSERTIONS = NO;
				ENABLE_STRICT_OBJC_MSGSEND = YES;
				GCC_C_LANGUAGE_STANDARD = gnu11;
				GCC_NO_COMMON_BLOCKS = YES;
				GCC_WARN_64_TO_32_BIT_CONVERSION = YES;
				GCC_WARN_ABOUT_RETURN_TYPE = YES_ERROR;
				GCC_WARN_UNDECLARED_SELECTOR = YES;
				GCC_WARN_UNINITIALIZED_AUTOS = YES_AGGRESSIVE;
				GCC_WARN_UNUSED_FUNCTION = YES;
				GCC_WARN_UNUSED_VARIABLE = YES;
				IPHONEOS_DEPLOYMENT_TARGET = 14.5;
				MTL_ENABLE_DEBUG_INFO = NO;
				MTL_FAST_MATH = YES;
				SDKROOT = iphoneos;
				SWIFT_COMPILATION_MODE = wholemodule;
				SWIFT_OPTIMIZATION_LEVEL = "-O";
				VALIDATE_PRODUCT = YES;
			};
			name = Release;
		};
		DC12FD202667F9C500602376 /* Debug */ = {
			isa = XCBuildConfiguration;
			buildSettings = {
				ASSETCATALOG_COMPILER_APPICON_NAME = AppIcon;
				ASSETCATALOG_COMPILER_GLOBAL_ACCENT_COLOR_NAME = AccentColor;
				CODE_SIGN_ENTITLEMENTS = YourFitnessLevel/YourFitnessLevel.entitlements;
				CODE_SIGN_STYLE = Automatic;
				DEVELOPMENT_ASSET_PATHS = "\"YourFitnessLevel/Preview Content\"";
				DEVELOPMENT_TEAM = G62HZCES4Y;
				ENABLE_PREVIEWS = YES;
				INFOPLIST_FILE = YourFitnessLevel/Sources/Info.plist;
				IPHONEOS_DEPLOYMENT_TARGET = 14.0;
				LD_RUNPATH_SEARCH_PATHS = (
					"$(inherited)",
					"@executable_path/Frameworks",
				);
				PRODUCT_BUNDLE_IDENTIFIER = com.applanticstudio.YourFitnessLevel;
				PRODUCT_NAME = "$(TARGET_NAME)";
				SWIFT_VERSION = 5.0;
				TARGETED_DEVICE_FAMILY = 1;
			};
			name = Debug;
		};
		DC12FD212667F9C500602376 /* Release */ = {
			isa = XCBuildConfiguration;
			buildSettings = {
				ASSETCATALOG_COMPILER_APPICON_NAME = AppIcon;
				ASSETCATALOG_COMPILER_GLOBAL_ACCENT_COLOR_NAME = AccentColor;
				CODE_SIGN_ENTITLEMENTS = YourFitnessLevel/YourFitnessLevel.entitlements;
				CODE_SIGN_STYLE = Automatic;
				DEVELOPMENT_ASSET_PATHS = "\"YourFitnessLevel/Preview Content\"";
				DEVELOPMENT_TEAM = G62HZCES4Y;
				ENABLE_PREVIEWS = YES;
				INFOPLIST_FILE = YourFitnessLevel/Sources/Info.plist;
				IPHONEOS_DEPLOYMENT_TARGET = 14.0;
				LD_RUNPATH_SEARCH_PATHS = (
					"$(inherited)",
					"@executable_path/Frameworks",
				);
				PRODUCT_BUNDLE_IDENTIFIER = com.applanticstudio.YourFitnessLevel;
				PRODUCT_NAME = "$(TARGET_NAME)";
				SWIFT_VERSION = 5.0;
				TARGETED_DEVICE_FAMILY = 1;
			};
			name = Release;
		};
		DC12FD232667F9C500602376 /* Debug */ = {
			isa = XCBuildConfiguration;
			buildSettings = {
				ALWAYS_EMBED_SWIFT_STANDARD_LIBRARIES = YES;
				BUNDLE_LOADER = "$(TEST_HOST)";
				CLANG_ENABLE_MODULES = YES;
				CODE_SIGN_STYLE = Automatic;
				DEVELOPMENT_TEAM = G62HZCES4Y;
				INFOPLIST_FILE = YourFitnessLevelTests/Info.plist;
				IPHONEOS_DEPLOYMENT_TARGET = 14.0;
				LD_RUNPATH_SEARCH_PATHS = (
					"$(inherited)",
					"@executable_path/Frameworks",
					"@loader_path/Frameworks",
				);
				PRODUCT_BUNDLE_IDENTIFIER = com.applanticstudio.YourFitnessLevelTests;
				PRODUCT_NAME = "$(TARGET_NAME)";
				SWIFT_OBJC_BRIDGING_HEADER = "";
				SWIFT_OPTIMIZATION_LEVEL = "-Onone";
				SWIFT_VERSION = 5.0;
				TARGETED_DEVICE_FAMILY = "1,2";
				TEST_HOST = "$(BUILT_PRODUCTS_DIR)/YourFitnessLevel.app/YourFitnessLevel";
			};
			name = Debug;
		};
		DC12FD242667F9C500602376 /* Release */ = {
			isa = XCBuildConfiguration;
			buildSettings = {
				ALWAYS_EMBED_SWIFT_STANDARD_LIBRARIES = YES;
				BUNDLE_LOADER = "$(TEST_HOST)";
				CLANG_ENABLE_MODULES = YES;
				CODE_SIGN_STYLE = Automatic;
				DEVELOPMENT_TEAM = G62HZCES4Y;
				INFOPLIST_FILE = YourFitnessLevelTests/Info.plist;
				IPHONEOS_DEPLOYMENT_TARGET = 14.0;
				LD_RUNPATH_SEARCH_PATHS = (
					"$(inherited)",
					"@executable_path/Frameworks",
					"@loader_path/Frameworks",
				);
				PRODUCT_BUNDLE_IDENTIFIER = com.applanticstudio.YourFitnessLevelTests;
				PRODUCT_NAME = "$(TARGET_NAME)";
				SWIFT_OBJC_BRIDGING_HEADER = "";
				SWIFT_VERSION = 5.0;
				TARGETED_DEVICE_FAMILY = "1,2";
				TEST_HOST = "$(BUILT_PRODUCTS_DIR)/YourFitnessLevel.app/YourFitnessLevel";
			};
			name = Release;
		};
/* End XCBuildConfiguration section */

/* Begin XCConfigurationList section */
		DC12FCF52667F9C300602376 /* Build configuration list for PBXProject "YourFitnessLevel" */ = {
			isa = XCConfigurationList;
			buildConfigurations = (
				DC12FD1D2667F9C500602376 /* Debug */,
				DC12FD1E2667F9C500602376 /* Release */,
			);
			defaultConfigurationIsVisible = 0;
			defaultConfigurationName = Release;
		};
		DC12FD1F2667F9C500602376 /* Build configuration list for PBXNativeTarget "YourFitnessLevel" */ = {
			isa = XCConfigurationList;
			buildConfigurations = (
				DC12FD202667F9C500602376 /* Debug */,
				DC12FD212667F9C500602376 /* Release */,
			);
			defaultConfigurationIsVisible = 0;
			defaultConfigurationName = Release;
		};
		DC12FD222667F9C500602376 /* Build configuration list for PBXNativeTarget "YourFitnessLevelTests" */ = {
			isa = XCConfigurationList;
			buildConfigurations = (
				DC12FD232667F9C500602376 /* Debug */,
				DC12FD242667F9C500602376 /* Release */,
			);
			defaultConfigurationIsVisible = 0;
			defaultConfigurationName = Release;
		};
/* End XCConfigurationList section */

/* Begin XCRemoteSwiftPackageReference section */
		DC12FD2E2668046000602376 /* XCRemoteSwiftPackageReference "SwiftLint" */ = {
			isa = XCRemoteSwiftPackageReference;
			repositoryURL = "https://github.com/realm/SwiftLint";
			requirement = {
				kind = upToNextMajorVersion;
				minimumVersion = 0.43.1;
			};
		};
		DC1926D5266B024C00873625 /* XCRemoteSwiftPackageReference "combine-schedulers" */ = {
			isa = XCRemoteSwiftPackageReference;
			repositoryURL = "https://github.com/pointfreeco/combine-schedulers";
			requirement = {
				kind = upToNextMajorVersion;
				minimumVersion = 0.5.0;
			};
		};
		DC988D20266CD79D0073DF87 /* XCRemoteSwiftPackageReference "swift-snapshot-testing" */ = {
			isa = XCRemoteSwiftPackageReference;
			repositoryURL = "https://github.com/pointfreeco/swift-snapshot-testing.git";
			requirement = {
				kind = upToNextMajorVersion;
				minimumVersion = 1.9.0;
			};
		};
		DCA67DE8266BFA8200308764 /* XCRemoteSwiftPackageReference "lottie-ios" */ = {
			isa = XCRemoteSwiftPackageReference;
			repositoryURL = "https://github.com/airbnb/lottie-ios.git";
			requirement = {
				kind = upToNextMajorVersion;
				minimumVersion = 3.2.3;
			};
		};
/* End XCRemoteSwiftPackageReference section */

/* Begin XCSwiftPackageProductDependency section */
		DC1926D6266B024C00873625 /* CombineSchedulers */ = {
			isa = XCSwiftPackageProductDependency;
			package = DC1926D5266B024C00873625 /* XCRemoteSwiftPackageReference "combine-schedulers" */;
			productName = CombineSchedulers;
		};
		DC988D21266CD79D0073DF87 /* SnapshotTesting */ = {
			isa = XCSwiftPackageProductDependency;
			package = DC988D20266CD79D0073DF87 /* XCRemoteSwiftPackageReference "swift-snapshot-testing" */;
			productName = SnapshotTesting;
		};
		DCA67DE9266BFA8200308764 /* Lottie */ = {
			isa = XCSwiftPackageProductDependency;
			package = DCA67DE8266BFA8200308764 /* XCRemoteSwiftPackageReference "lottie-ios" */;
			productName = Lottie;
		};
/* End XCSwiftPackageProductDependency section */
	};
	rootObject = DC12FCF22667F9C300602376 /* Project object */;
}
